
Microsoft Visual Studio Solution File, Format Version 12.00
# Visual Studio Version 17
VisualStudioVersion = 17.9.34728.123
MinimumVisualStudioVersion = 10.0.40219.1
Project("{FAE04EC0-301F-11D3-BF4B-00C04F79EFBC}") = "RedeSocialEspecializada", "RedeSocialEspecializada.csproj", "{EB9B2040-45D8-4725-9ED9-15B6A85E53A3}"
EndProject
Global
	GlobalSection(SolutionConfigurationPlatforms) = preSolution
		Debug|Any CPU = Debug|Any CPU
		Release|Any CPU = Release|Any CPU
	EndGlobalSection
	GlobalSection(ProjectConfigurationPlatforms) = postSolution
		{EB9B2040-45D8-4725-9ED9-15B6A85E53A3}.Debug|Any CPU.ActiveCfg = Debug|Any CPU
		{EB9B2040-45D8-4725-9ED9-15B6A85E53A3}.Debug|Any CPU.Build.0 = Debug|Any CPU
		{EB9B2040-45D8-4725-9ED9-15B6A85E53A3}.Release|Any CPU.ActiveCfg = Release|Any CPU
		{EB9B2040-45D8-4725-9ED9-15B6A85E53A3}.Release|Any CPU.Build.0 = Release|Any CPU
	EndGlobalSection
	GlobalSection(SolutionProperties) = preSolution
		HideSolutionNode = FALSE
	EndGlobalSection
	GlobalSection(ExtensibilityGlobals) = postSolution
		SolutionGuid = {4C466EF4-7E04-4042-9202-AB19D8F1DBB0}
	EndGlobalSection
EndGlobal
